
Microsoft Visual Studio Solution File, Format Version 12.00
# Visual Studio Version 16
VisualStudioVersion = 16.0.30717.126
MinimumVisualStudioVersion = 10.0.40219.1
Project("{FAE04EC0-301F-11D3-BF4B-00C04F79EFBC}") = "SerializeMethodsAutoBuilder", "SerializeMethodsAutoBuilder\SerializeMethodsAutoBuilder.csproj", "{911D3844-F0F0-4827-96EC-F9C2FE1E81DA}"
EndProject
Project("{2150E333-8FDC-42A3-9474-1A3956D46DE8}") = "submodules", "submodules", "{56976A4E-587C-4DA9-9E8A-4E85182E2131}"
EndProject
Project("{FAE04EC0-301F-11D3-BF4B-00C04F79EFBC}") = "NetBinSerializer", "..\NetBinSerializer\NetBinSerializer\NetBinSerializer\NetBinSerializer.csproj", "{DC36AE91-5386-4BDB-A720-0F482F78A6BD}"
EndProject
Project("{FAE04EC0-301F-11D3-BF4B-00C04F79EFBC}") = "InSharp", "..\InSharp\InSharp\InSharp\InSharp.csproj", "{662450A7-9C72-4F49-AA4A-FDE4A96A0FE6}"
EndProject
Project("{FAE04EC0-301F-11D3-BF4B-00C04F79EFBC}") = "Test", "Test\Test.csproj", "{C2B1CD05-6160-4349-B460-1463F2437804}"
EndProject
Global
	GlobalSection(SolutionConfigurationPlatforms) = preSolution
		Debug|Any CPU = Debug|Any CPU
		Release|Any CPU = Release|Any CPU
	EndGlobalSection
	GlobalSection(ProjectConfigurationPlatforms) = postSolution
		{911D3844-F0F0-4827-96EC-F9C2FE1E81DA}.Debug|Any CPU.ActiveCfg = Debug|Any CPU
		{911D3844-F0F0-4827-96EC-F9C2FE1E81DA}.Debug|Any CPU.Build.0 = Debug|Any CPU
		{911D3844-F0F0-4827-96EC-F9C2FE1E81DA}.Release|Any CPU.ActiveCfg = Release|Any CPU
		{911D3844-F0F0-4827-96EC-F9C2FE1E81DA}.Release|Any CPU.Build.0 = Release|Any CPU
		{DC36AE91-5386-4BDB-A720-0F482F78A6BD}.Debug|Any CPU.ActiveCfg = Debug|Any CPU
		{DC36AE91-5386-4BDB-A720-0F482F78A6BD}.Debug|Any CPU.Build.0 = Debug|Any CPU
		{DC36AE91-5386-4BDB-A720-0F482F78A6BD}.Release|Any CPU.ActiveCfg = Release|Any CPU
		{DC36AE91-5386-4BDB-A720-0F482F78A6BD}.Release|Any CPU.Build.0 = Release|Any CPU
		{662450A7-9C72-4F49-AA4A-FDE4A96A0FE6}.Debug|Any CPU.ActiveCfg = Debug|Any CPU
		{662450A7-9C72-4F49-AA4A-FDE4A96A0FE6}.Debug|Any CPU.Build.0 = Debug|Any CPU
		{662450A7-9C72-4F49-AA4A-FDE4A96A0FE6}.Release|Any CPU.ActiveCfg = Release|Any CPU
		{662450A7-9C72-4F49-AA4A-FDE4A96A0FE6}.Release|Any CPU.Build.0 = Release|Any CPU
		{C2B1CD05-6160-4349-B460-1463F2437804}.Debug|Any CPU.ActiveCfg = Debug|Any CPU
		{C2B1CD05-6160-4349-B460-1463F2437804}.Debug|Any CPU.Build.0 = Debug|Any CPU
		{C2B1CD05-6160-4349-B460-1463F2437804}.Release|Any CPU.ActiveCfg = Release|Any CPU
		{C2B1CD05-6160-4349-B460-1463F2437804}.Release|Any CPU.Build.0 = Release|Any CPU
	EndGlobalSection
	GlobalSection(SolutionProperties) = preSolution
		HideSolutionNode = FALSE
	EndGlobalSection
	GlobalSection(NestedProjects) = preSolution
		{DC36AE91-5386-4BDB-A720-0F482F78A6BD} = {56976A4E-587C-4DA9-9E8A-4E85182E2131}
		{662450A7-9C72-4F49-AA4A-FDE4A96A0FE6} = {56976A4E-587C-4DA9-9E8A-4E85182E2131}
	EndGlobalSection
	GlobalSection(ExtensibilityGlobals) = postSolution
		SolutionGuid = {46557F12-1254-4AAF-9DCC-9C200DBABE17}
	EndGlobalSection
EndGlobal
